
Microsoft Visual Studio Solution File, Format Version 11.00
# Visual Studio 2010
Project("{FAE04EC0-301F-11D3-BF4B-00C04F79EFBC}") = "NaughtyAttributes.Test", "NaughtyAttributes.Test.csproj", "{4b943128-fd53-4d51-921e-8c540f45a4dc}"
EndProject
Project("{FAE04EC0-301F-11D3-BF4B-00C04F79EFBC}") = "Oculus.Platform", "Oculus.Platform.csproj", "{c35cf23b-2633-9a47-822a-2a291560eb2f}"
EndProject
Project("{FAE04EC0-301F-11D3-BF4B-00C04F79EFBC}") = "Assembly-CSharp", "Assembly-CSharp.csproj", "{cfe17696-e042-2815-6e6a-f163ba1b6996}"
EndProject
Project("{FAE04EC0-301F-11D3-BF4B-00C04F79EFBC}") = "Zenject", "Zenject.csproj", "{2da5b0c1-0b0b-3f03-abf4-8163776bd790}"
EndProject
Project("{FAE04EC0-301F-11D3-BF4B-00C04F79EFBC}") = "Oculus.Spatializer", "Oculus.Spatializer.csproj", "{7960b1c0-3a8e-5df6-6095-a80fe20f279a}"
EndProject
Project("{FAE04EC0-301F-11D3-BF4B-00C04F79EFBC}") = "NaughtyAttributes.Core", "NaughtyAttributes.Core.csproj", "{d5e44b64-24f0-8a7d-4dba-1c1fa4e52b26}"
EndProject
Project("{FAE04EC0-301F-11D3-BF4B-00C04F79EFBC}") = "Oculus.VR", "Oculus.VR.csproj", "{700f4378-fb62-a480-2c75-d6627272471e}"
EndProject
Project("{FAE04EC0-301F-11D3-BF4B-00C04F79EFBC}") = "Oculus.AudioManager", "Oculus.AudioManager.csproj", "{58b27be2-83f6-38f1-e0f5-91542f939524}"
EndProject
Project("{FAE04EC0-301F-11D3-BF4B-00C04F79EFBC}") = "Oculus.LipSync", "Oculus.LipSync.csproj", "{8611556c-a5ef-c432-310b-2854bab6f167}"
EndProject
Project("{FAE04EC0-301F-11D3-BF4B-00C04F79EFBC}") = "Assembly-CSharp-firstpass", "Assembly-CSharp-firstpass.csproj", "{1ede53ca-cdff-d894-75a0-df1581ea7bcd}"
EndProject
Project("{FAE04EC0-301F-11D3-BF4B-00C04F79EFBC}") = "NaughtyAttributes.Editor", "NaughtyAttributes.Editor.csproj", "{9d3e6cd8-bf4b-33e2-71bf-09c6d3f06e16}"
EndProject
Project("{FAE04EC0-301F-11D3-BF4B-00C04F79EFBC}") = "Oculus.Spatializer.Editor", "Oculus.Spatializer.Editor.csproj", "{42ebba47-69b5-7720-2346-10b91152d5f8}"
EndProject
Project("{FAE04EC0-301F-11D3-BF4B-00C04F79EFBC}") = "Assembly-CSharp-Editor", "Assembly-CSharp-Editor.csproj", "{572abe12-6f6f-8183-d429-11279991bb73}"
EndProject
Project("{FAE04EC0-301F-11D3-BF4B-00C04F79EFBC}") = "Oculus.VR.Editor", "Oculus.VR.Editor.csproj", "{8bac804e-1312-24a2-27a2-3959a441c48d}"
EndProject
Project("{FAE04EC0-301F-11D3-BF4B-00C04F79EFBC}") = "Zenject-Editor", "Zenject-Editor.csproj", "{f08d690d-ed61-9a08-39ab-bc8a9901fd62}"
EndProject
Project("{FAE04EC0-301F-11D3-BF4B-00C04F79EFBC}") = "Oculus.Platform.Editor", "Oculus.Platform.Editor.csproj", "{d9387a03-a865-be9f-313d-b437bdc0ee4f}"
EndProject
Project("{FAE04EC0-301F-11D3-BF4B-00C04F79EFBC}") = "Oculus.AudioManager.Audio.Editor", "Oculus.AudioManager.Audio.Editor.csproj", "{c009d14a-a3ef-2fa2-2b76-8fb27ff41126}"
EndProject
Project("{FAE04EC0-301F-11D3-BF4B-00C04F79EFBC}") = "Oculus.VR.Scripts.Editor", "Oculus.VR.Scripts.Editor.csproj", "{52df1788-025c-ebe1-8751-85d8c5f7e319}"
EndProject
Project("{FAE04EC0-301F-11D3-BF4B-00C04F79EFBC}") = "Oculus.LipSync.Editor", "Oculus.LipSync.Editor.csproj", "{b2d904c6-2177-108e-3553-f49ad5eeaf1e}"
EndProject
Project("{FAE04EC0-301F-11D3-BF4B-00C04F79EFBC}") = "Oculus.AudioManager.Utils.Editor", "Oculus.AudioManager.Utils.Editor.csproj", "{3bfdb2fa-c4d9-52bf-675a-5fee67606114}"
EndProject
Global
	GlobalSection(SolutionConfigurationPlatforms) = preSolution
		Debug|Any CPU = Debug|Any CPU
		Release|Any CPU = Release|Any CPU
	EndGlobalSection
	GlobalSection(ProjectConfigurationPlatforms) = postSolution
		{4b943128-fd53-4d51-921e-8c540f45a4dc}.Debug|Any CPU.ActiveCfg = Debug|Any CPU
		{4b943128-fd53-4d51-921e-8c540f45a4dc}.Debug|Any CPU.Build.0 = Debug|Any CPU
		{4b943128-fd53-4d51-921e-8c540f45a4dc}.Release|Any CPU.ActiveCfg = Release|Any CPU
		{4b943128-fd53-4d51-921e-8c540f45a4dc}.Release|Any CPU.Build.0 = Release|Any CPU
		{c35cf23b-2633-9a47-822a-2a291560eb2f}.Debug|Any CPU.ActiveCfg = Debug|Any CPU
		{c35cf23b-2633-9a47-822a-2a291560eb2f}.Debug|Any CPU.Build.0 = Debug|Any CPU
		{c35cf23b-2633-9a47-822a-2a291560eb2f}.Release|Any CPU.ActiveCfg = Release|Any CPU
		{c35cf23b-2633-9a47-822a-2a291560eb2f}.Release|Any CPU.Build.0 = Release|Any CPU
		{cfe17696-e042-2815-6e6a-f163ba1b6996}.Debug|Any CPU.ActiveCfg = Debug|Any CPU
		{cfe17696-e042-2815-6e6a-f163ba1b6996}.Debug|Any CPU.Build.0 = Debug|Any CPU
		{cfe17696-e042-2815-6e6a-f163ba1b6996}.Release|Any CPU.ActiveCfg = Release|Any CPU
		{cfe17696-e042-2815-6e6a-f163ba1b6996}.Release|Any CPU.Build.0 = Release|Any CPU
		{2da5b0c1-0b0b-3f03-abf4-8163776bd790}.Debug|Any CPU.ActiveCfg = Debug|Any CPU
		{2da5b0c1-0b0b-3f03-abf4-8163776bd790}.Debug|Any CPU.Build.0 = Debug|Any CPU
		{2da5b0c1-0b0b-3f03-abf4-8163776bd790}.Release|Any CPU.ActiveCfg = Release|Any CPU
		{2da5b0c1-0b0b-3f03-abf4-8163776bd790}.Release|Any CPU.Build.0 = Release|Any CPU
		{7960b1c0-3a8e-5df6-6095-a80fe20f279a}.Debug|Any CPU.ActiveCfg = Debug|Any CPU
		{7960b1c0-3a8e-5df6-6095-a80fe20f279a}.Debug|Any CPU.Build.0 = Debug|Any CPU
		{7960b1c0-3a8e-5df6-6095-a80fe20f279a}.Release|Any CPU.ActiveCfg = Release|Any CPU
		{7960b1c0-3a8e-5df6-6095-a80fe20f279a}.Release|Any CPU.Build.0 = Release|Any CPU
		{d5e44b64-24f0-8a7d-4dba-1c1fa4e52b26}.Debug|Any CPU.ActiveCfg = Debug|Any CPU
		{d5e44b64-24f0-8a7d-4dba-1c1fa4e52b26}.Debug|Any CPU.Build.0 = Debug|Any CPU
		{d5e44b64-24f0-8a7d-4dba-1c1fa4e52b26}.Release|Any CPU.ActiveCfg = Release|Any CPU
		{d5e44b64-24f0-8a7d-4dba-1c1fa4e52b26}.Release|Any CPU.Build.0 = Release|Any CPU
		{700f4378-fb62-a480-2c75-d6627272471e}.Debug|Any CPU.ActiveCfg = Debug|Any CPU
		{700f4378-fb62-a480-2c75-d6627272471e}.Debug|Any CPU.Build.0 = Debug|Any CPU
		{700f4378-fb62-a480-2c75-d6627272471e}.Release|Any CPU.ActiveCfg = Release|Any CPU
		{700f4378-fb62-a480-2c75-d6627272471e}.Release|Any CPU.Build.0 = Release|Any CPU
		{58b27be2-83f6-38f1-e0f5-91542f939524}.Debug|Any CPU.ActiveCfg = Debug|Any CPU
		{58b27be2-83f6-38f1-e0f5-91542f939524}.Debug|Any CPU.Build.0 = Debug|Any CPU
		{58b27be2-83f6-38f1-e0f5-91542f939524}.Release|Any CPU.ActiveCfg = Release|Any CPU
		{58b27be2-83f6-38f1-e0f5-91542f939524}.Release|Any CPU.Build.0 = Release|Any CPU
		{8611556c-a5ef-c432-310b-2854bab6f167}.Debug|Any CPU.ActiveCfg = Debug|Any CPU
		{8611556c-a5ef-c432-310b-2854bab6f167}.Debug|Any CPU.Build.0 = Debug|Any CPU
		{8611556c-a5ef-c432-310b-2854bab6f167}.Release|Any CPU.ActiveCfg = Release|Any CPU
		{8611556c-a5ef-c432-310b-2854bab6f167}.Release|Any CPU.Build.0 = Release|Any CPU
		{1ede53ca-cdff-d894-75a0-df1581ea7bcd}.Debug|Any CPU.ActiveCfg = Debug|Any CPU
		{1ede53ca-cdff-d894-75a0-df1581ea7bcd}.Debug|Any CPU.Build.0 = Debug|Any CPU
		{1ede53ca-cdff-d894-75a0-df1581ea7bcd}.Release|Any CPU.ActiveCfg = Release|Any CPU
		{1ede53ca-cdff-d894-75a0-df1581ea7bcd}.Release|Any CPU.Build.0 = Release|Any CPU
		{9d3e6cd8-bf4b-33e2-71bf-09c6d3f06e16}.Debug|Any CPU.ActiveCfg = Debug|Any CPU
		{9d3e6cd8-bf4b-33e2-71bf-09c6d3f06e16}.Debug|Any CPU.Build.0 = Debug|Any CPU
		{9d3e6cd8-bf4b-33e2-71bf-09c6d3f06e16}.Release|Any CPU.ActiveCfg = Release|Any CPU
		{9d3e6cd8-bf4b-33e2-71bf-09c6d3f06e16}.Release|Any CPU.Build.0 = Release|Any CPU
		{42ebba47-69b5-7720-2346-10b91152d5f8}.Debug|Any CPU.ActiveCfg = Debug|Any CPU
		{42ebba47-69b5-7720-2346-10b91152d5f8}.Debug|Any CPU.Build.0 = Debug|Any CPU
		{42ebba47-69b5-7720-2346-10b91152d5f8}.Release|Any CPU.ActiveCfg = Release|Any CPU
		{42ebba47-69b5-7720-2346-10b91152d5f8}.Release|Any CPU.Build.0 = Release|Any CPU
		{572abe12-6f6f-8183-d429-11279991bb73}.Debug|Any CPU.ActiveCfg = Debug|Any CPU
		{572abe12-6f6f-8183-d429-11279991bb73}.Debug|Any CPU.Build.0 = Debug|Any CPU
		{572abe12-6f6f-8183-d429-11279991bb73}.Release|Any CPU.ActiveCfg = Release|Any CPU
		{572abe12-6f6f-8183-d429-11279991bb73}.Release|Any CPU.Build.0 = Release|Any CPU
		{8bac804e-1312-24a2-27a2-3959a441c48d}.Debug|Any CPU.ActiveCfg = Debug|Any CPU
		{8bac804e-1312-24a2-27a2-3959a441c48d}.Debug|Any CPU.Build.0 = Debug|Any CPU
		{8bac804e-1312-24a2-27a2-3959a441c48d}.Release|Any CPU.ActiveCfg = Release|Any CPU
		{8bac804e-1312-24a2-27a2-3959a441c48d}.Release|Any CPU.Build.0 = Release|Any CPU
		{f08d690d-ed61-9a08-39ab-bc8a9901fd62}.Debug|Any CPU.ActiveCfg = Debug|Any CPU
		{f08d690d-ed61-9a08-39ab-bc8a9901fd62}.Debug|Any CPU.Build.0 = Debug|Any CPU
		{f08d690d-ed61-9a08-39ab-bc8a9901fd62}.Release|Any CPU.ActiveCfg = Release|Any CPU
		{f08d690d-ed61-9a08-39ab-bc8a9901fd62}.Release|Any CPU.Build.0 = Release|Any CPU
		{d9387a03-a865-be9f-313d-b437bdc0ee4f}.Debug|Any CPU.ActiveCfg = Debug|Any CPU
		{d9387a03-a865-be9f-313d-b437bdc0ee4f}.Debug|Any CPU.Build.0 = Debug|Any CPU
		{d9387a03-a865-be9f-313d-b437bdc0ee4f}.Release|Any CPU.ActiveCfg = Release|Any CPU
		{d9387a03-a865-be9f-313d-b437bdc0ee4f}.Release|Any CPU.Build.0 = Release|Any CPU
		{c009d14a-a3ef-2fa2-2b76-8fb27ff41126}.Debug|Any CPU.ActiveCfg = Debug|Any CPU
		{c009d14a-a3ef-2fa2-2b76-8fb27ff41126}.Debug|Any CPU.Build.0 = Debug|Any CPU
		{c009d14a-a3ef-2fa2-2b76-8fb27ff41126}.Release|Any CPU.ActiveCfg = Release|Any CPU
		{c009d14a-a3ef-2fa2-2b76-8fb27ff41126}.Release|Any CPU.Build.0 = Release|Any CPU
		{52df1788-025c-ebe1-8751-85d8c5f7e319}.Debug|Any CPU.ActiveCfg = Debug|Any CPU
		{52df1788-025c-ebe1-8751-85d8c5f7e319}.Debug|Any CPU.Build.0 = Debug|Any CPU
		{52df1788-025c-ebe1-8751-85d8c5f7e319}.Release|Any CPU.ActiveCfg = Release|Any CPU
		{52df1788-025c-ebe1-8751-85d8c5f7e319}.Release|Any CPU.Build.0 = Release|Any CPU
		{b2d904c6-2177-108e-3553-f49ad5eeaf1e}.Debug|Any CPU.ActiveCfg = Debug|Any CPU
		{b2d904c6-2177-108e-3553-f49ad5eeaf1e}.Debug|Any CPU.Build.0 = Debug|Any CPU
		{b2d904c6-2177-108e-3553-f49ad5eeaf1e}.Release|Any CPU.ActiveCfg = Release|Any CPU
		{b2d904c6-2177-108e-3553-f49ad5eeaf1e}.Release|Any CPU.Build.0 = Release|Any CPU
		{3bfdb2fa-c4d9-52bf-675a-5fee67606114}.Debug|Any CPU.ActiveCfg = Debug|Any CPU
		{3bfdb2fa-c4d9-52bf-675a-5fee67606114}.Debug|Any CPU.Build.0 = Debug|Any CPU
		{3bfdb2fa-c4d9-52bf-675a-5fee67606114}.Release|Any CPU.ActiveCfg = Release|Any CPU
		{3bfdb2fa-c4d9-52bf-675a-5fee67606114}.Release|Any CPU.Build.0 = Release|Any CPU
	EndGlobalSection
	GlobalSection(SolutionProperties) = preSolution
		HideSolutionNode = FALSE
	EndGlobalSection
EndGlobal
